
Microsoft Visual Studio Solution File, Format Version 12.00
# Visual Studio 14
VisualStudioVersion = 14.0.25420.1
MinimumVisualStudioVersion = 10.0.40219.1
Project("{FAE04EC0-301F-11D3-BF4B-00C04F79EFBC}") = "03.Stop_Number", "03.Stop_Number\03.Stop_Number.csproj", "{A2BFAED6-3B14-4A7C-B23B-C089E3E3D2F6}"
EndProject
Project("{FAE04EC0-301F-11D3-BF4B-00C04F79EFBC}") = "04.Special_Number", "04.Special_Number\04.Special_Number.csproj", "{42BCF25A-E9C8-4010-9112-2D3820290529}"
EndProject
Project("{FAE04EC0-301F-11D3-BF4B-00C04F79EFBC}") = "05.Numbers", "05.Numbers\05.Numbers.csproj", "{6EF751F3-4A9A-4BC8-875C-491FAEE30765}"
EndProject
Project("{FAE04EC0-301F-11D3-BF4B-00C04F79EFBC}") = "06.Max_Combination", "06.Max_Combination\06.Max_Combination.csproj", "{413021CF-2E1A-45F1-A7D9-B6C880BCC74D}"
EndProject
Project("{FAE04EC0-301F-11D3-BF4B-00C04F79EFBC}") = "07.Magic_Numbers", "07.Magic_Numbers\07.Magic_Numbers.csproj", "{CDFA81AB-17AE-438C-BC75-0B0903803830}"
EndProject
Project("{FAE04EC0-301F-11D3-BF4B-00C04F79EFBC}") = "01.Stupid_Password", "01.Stupid_Password\01.Stupid_Password\01.Stupid_Password.csproj", "{4A429B29-F545-41B8-AB0A-D18ABEA2B171}"
EndProject
Project("{FAE04EC0-301F-11D3-BF4B-00C04F79EFBC}") = "02.Check_Prime_Number", "02.Check_Prime_Number\02.Check_Prime_Number.csproj", "{2C94A6FE-3AD2-4E5E-BD82-1861DB1105F7}"
EndProject
Global
	GlobalSection(SolutionConfigurationPlatforms) = preSolution
		Debug|Any CPU = Debug|Any CPU
		Release|Any CPU = Release|Any CPU
	EndGlobalSection
	GlobalSection(ProjectConfigurationPlatforms) = postSolution
		{A2BFAED6-3B14-4A7C-B23B-C089E3E3D2F6}.Debug|Any CPU.ActiveCfg = Debug|Any CPU
		{A2BFAED6-3B14-4A7C-B23B-C089E3E3D2F6}.Debug|Any CPU.Build.0 = Debug|Any CPU
		{A2BFAED6-3B14-4A7C-B23B-C089E3E3D2F6}.Release|Any CPU.ActiveCfg = Release|Any CPU
		{A2BFAED6-3B14-4A7C-B23B-C089E3E3D2F6}.Release|Any CPU.Build.0 = Release|Any CPU
		{42BCF25A-E9C8-4010-9112-2D3820290529}.Debug|Any CPU.ActiveCfg = Debug|Any CPU
		{42BCF25A-E9C8-4010-9112-2D3820290529}.Debug|Any CPU.Build.0 = Debug|Any CPU
		{42BCF25A-E9C8-4010-9112-2D3820290529}.Release|Any CPU.ActiveCfg = Release|Any CPU
		{42BCF25A-E9C8-4010-9112-2D3820290529}.Release|Any CPU.Build.0 = Release|Any CPU
		{6EF751F3-4A9A-4BC8-875C-491FAEE30765}.Debug|Any CPU.ActiveCfg = Debug|Any CPU
		{6EF751F3-4A9A-4BC8-875C-491FAEE30765}.Debug|Any CPU.Build.0 = Debug|Any CPU
		{6EF751F3-4A9A-4BC8-875C-491FAEE30765}.Release|Any CPU.ActiveCfg = Release|Any CPU
		{6EF751F3-4A9A-4BC8-875C-491FAEE30765}.Release|Any CPU.Build.0 = Release|Any CPU
		{413021CF-2E1A-45F1-A7D9-B6C880BCC74D}.Debug|Any CPU.ActiveCfg = Debug|Any CPU
		{413021CF-2E1A-45F1-A7D9-B6C880BCC74D}.Debug|Any CPU.Build.0 = Debug|Any CPU
		{413021CF-2E1A-45F1-A7D9-B6C880BCC74D}.Release|Any CPU.ActiveCfg = Release|Any CPU
		{413021CF-2E1A-45F1-A7D9-B6C880BCC74D}.Release|Any CPU.Build.0 = Release|Any CPU
		{CDFA81AB-17AE-438C-BC75-0B0903803830}.Debug|Any CPU.ActiveCfg = Debug|Any CPU
		{CDFA81AB-17AE-438C-BC75-0B0903803830}.Debug|Any CPU.Build.0 = Debug|Any CPU
		{CDFA81AB-17AE-438C-BC75-0B0903803830}.Release|Any CPU.ActiveCfg = Release|Any CPU
		{CDFA81AB-17AE-438C-BC75-0B0903803830}.Release|Any CPU.Build.0 = Release|Any CPU
		{4A429B29-F545-41B8-AB0A-D18ABEA2B171}.Debug|Any CPU.ActiveCfg = Debug|Any CPU
		{4A429B29-F545-41B8-AB0A-D18ABEA2B171}.Debug|Any CPU.Build.0 = Debug|Any CPU
		{4A429B29-F545-41B8-AB0A-D18ABEA2B171}.Release|Any CPU.ActiveCfg = Release|Any CPU
		{4A429B29-F545-41B8-AB0A-D18ABEA2B171}.Release|Any CPU.Build.0 = Release|Any CPU
		{2C94A6FE-3AD2-4E5E-BD82-1861DB1105F7}.Debug|Any CPU.ActiveCfg = Debug|Any CPU
		{2C94A6FE-3AD2-4E5E-BD82-1861DB1105F7}.Debug|Any CPU.Build.0 = Debug|Any CPU
		{2C94A6FE-3AD2-4E5E-BD82-1861DB1105F7}.Release|Any CPU.ActiveCfg = Release|Any CPU
		{2C94A6FE-3AD2-4E5E-BD82-1861DB1105F7}.Release|Any CPU.Build.0 = Release|Any CPU
	EndGlobalSection
	GlobalSection(SolutionProperties) = preSolution
		HideSolutionNode = FALSE
	EndGlobalSection
EndGlobal
