
Microsoft Visual Studio Solution File, Format Version 12.00
# Visual Studio 2013
VisualStudioVersion = 12.0.31101.0
MinimumVisualStudioVersion = 10.0.40219.1
Project("{FAE04EC0-301F-11D3-BF4B-00C04F79EFBC}") = "01.DeclareVariables", "DeclareVariables\01.DeclareVariables.csproj", "{29BBFB89-345E-4516-99A5-FEDC461FA304}"
EndProject
Project("{FAE04EC0-301F-11D3-BF4B-00C04F79EFBC}") = "02FloatorDouble", "FloatorDouble\02FloatorDouble.csproj", "{9E8132F2-CC6A-435E-9F10-0EBFA5694567}"
EndProject
Project("{FAE04EC0-301F-11D3-BF4B-00C04F79EFBC}") = "03.VariableinHexadecimalFormat", "VariableinHexadecimalFormat\03.VariableinHexadecimalFormat.csproj", "{F3557A82-7C85-43F3-968D-C3E4746B1FAA}"
EndProject
Project("{FAE04EC0-301F-11D3-BF4B-00C04F79EFBC}") = "04.UnicodeCharacter", "UnicodeCharacter\04.UnicodeCharacter.csproj", "{B33A7176-D87A-497B-ABAB-9A447F210C28}"
EndProject
Project("{FAE04EC0-301F-11D3-BF4B-00C04F79EFBC}") = "05.BooleanVariable", "BooleanVariable\05.BooleanVariable.csproj", "{86AE433F-0783-485E-9F7B-908C6E9736E9}"
EndProject
Project("{FAE04EC0-301F-11D3-BF4B-00C04F79EFBC}") = "06.StringsandObjects", "StringsandObjects\06.StringsandObjects.csproj", "{692E94BB-5F7F-4472-BB26-142165DD54A4}"
EndProject
Project("{FAE04EC0-301F-11D3-BF4B-00C04F79EFBC}") = "07.QuotesinStrings", "QuotesinStrings\07.QuotesinStrings.csproj", "{E9ED0F62-1DD9-4F06-A0DE-F5F1824A5F4A}"
EndProject
Project("{FAE04EC0-301F-11D3-BF4B-00C04F79EFBC}") = "08.IsoscelesTriangle", "IsoscelesTriangle\08.IsoscelesTriangle.csproj", "{7BB07211-5301-40B6-BE75-AB601F4EEF5E}"
EndProject
Project("{FAE04EC0-301F-11D3-BF4B-00C04F79EFBC}") = "09.ExchangeVariableValues", "ExchangeVariableValues\09.ExchangeVariableValues.csproj", "{AF2F3E1C-C887-4CE5-ACC3-22C5355D6DE5}"
EndProject
Project("{FAE04EC0-301F-11D3-BF4B-00C04F79EFBC}") = "10.EmployeeData", "EmployeeData\10.EmployeeData.csproj", "{F043FA2A-941F-49E5-8F1A-8081EDFAB40A}"
EndProject
Project("{FAE04EC0-301F-11D3-BF4B-00C04F79EFBC}") = "11.BankAccountData", "BankAccountData\11.BankAccountData.csproj", "{F88835ED-000B-4E65-AC19-30DE738EEB88}"
EndProject
Project("{FAE04EC0-301F-11D3-BF4B-00C04F79EFBC}") = "12.NullValuesArithmetic", "NullValuesArithmetic\12.NullValuesArithmetic.csproj", "{0AE16DE4-D781-4897-B617-1CD65F20E2F9}"
EndProject
Global
	GlobalSection(SolutionConfigurationPlatforms) = preSolution
		Debug|Any CPU = Debug|Any CPU
		Release|Any CPU = Release|Any CPU
	EndGlobalSection
	GlobalSection(ProjectConfigurationPlatforms) = postSolution
		{29BBFB89-345E-4516-99A5-FEDC461FA304}.Debug|Any CPU.ActiveCfg = Debug|Any CPU
		{29BBFB89-345E-4516-99A5-FEDC461FA304}.Debug|Any CPU.Build.0 = Debug|Any CPU
		{29BBFB89-345E-4516-99A5-FEDC461FA304}.Release|Any CPU.ActiveCfg = Release|Any CPU
		{29BBFB89-345E-4516-99A5-FEDC461FA304}.Release|Any CPU.Build.0 = Release|Any CPU
		{9E8132F2-CC6A-435E-9F10-0EBFA5694567}.Debug|Any CPU.ActiveCfg = Debug|Any CPU
		{9E8132F2-CC6A-435E-9F10-0EBFA5694567}.Debug|Any CPU.Build.0 = Debug|Any CPU
		{9E8132F2-CC6A-435E-9F10-0EBFA5694567}.Release|Any CPU.ActiveCfg = Release|Any CPU
		{9E8132F2-CC6A-435E-9F10-0EBFA5694567}.Release|Any CPU.Build.0 = Release|Any CPU
		{F3557A82-7C85-43F3-968D-C3E4746B1FAA}.Debug|Any CPU.ActiveCfg = Debug|Any CPU
		{F3557A82-7C85-43F3-968D-C3E4746B1FAA}.Debug|Any CPU.Build.0 = Debug|Any CPU
		{F3557A82-7C85-43F3-968D-C3E4746B1FAA}.Release|Any CPU.ActiveCfg = Release|Any CPU
		{F3557A82-7C85-43F3-968D-C3E4746B1FAA}.Release|Any CPU.Build.0 = Release|Any CPU
		{B33A7176-D87A-497B-ABAB-9A447F210C28}.Debug|Any CPU.ActiveCfg = Debug|Any CPU
		{B33A7176-D87A-497B-ABAB-9A447F210C28}.Debug|Any CPU.Build.0 = Debug|Any CPU
		{B33A7176-D87A-497B-ABAB-9A447F210C28}.Release|Any CPU.ActiveCfg = Release|Any CPU
		{B33A7176-D87A-497B-ABAB-9A447F210C28}.Release|Any CPU.Build.0 = Release|Any CPU
		{86AE433F-0783-485E-9F7B-908C6E9736E9}.Debug|Any CPU.ActiveCfg = Debug|Any CPU
		{86AE433F-0783-485E-9F7B-908C6E9736E9}.Debug|Any CPU.Build.0 = Debug|Any CPU
		{86AE433F-0783-485E-9F7B-908C6E9736E9}.Release|Any CPU.ActiveCfg = Release|Any CPU
		{86AE433F-0783-485E-9F7B-908C6E9736E9}.Release|Any CPU.Build.0 = Release|Any CPU
		{692E94BB-5F7F-4472-BB26-142165DD54A4}.Debug|Any CPU.ActiveCfg = Debug|Any CPU
		{692E94BB-5F7F-4472-BB26-142165DD54A4}.Debug|Any CPU.Build.0 = Debug|Any CPU
		{692E94BB-5F7F-4472-BB26-142165DD54A4}.Release|Any CPU.ActiveCfg = Release|Any CPU
		{692E94BB-5F7F-4472-BB26-142165DD54A4}.Release|Any CPU.Build.0 = Release|Any CPU
		{E9ED0F62-1DD9-4F06-A0DE-F5F1824A5F4A}.Debug|Any CPU.ActiveCfg = Debug|Any CPU
		{E9ED0F62-1DD9-4F06-A0DE-F5F1824A5F4A}.Debug|Any CPU.Build.0 = Debug|Any CPU
		{E9ED0F62-1DD9-4F06-A0DE-F5F1824A5F4A}.Release|Any CPU.ActiveCfg = Release|Any CPU
		{E9ED0F62-1DD9-4F06-A0DE-F5F1824A5F4A}.Release|Any CPU.Build.0 = Release|Any CPU
		{7BB07211-5301-40B6-BE75-AB601F4EEF5E}.Debug|Any CPU.ActiveCfg = Debug|Any CPU
		{7BB07211-5301-40B6-BE75-AB601F4EEF5E}.Debug|Any CPU.Build.0 = Debug|Any CPU
		{7BB07211-5301-40B6-BE75-AB601F4EEF5E}.Release|Any CPU.ActiveCfg = Release|Any CPU
		{7BB07211-5301-40B6-BE75-AB601F4EEF5E}.Release|Any CPU.Build.0 = Release|Any CPU
		{AF2F3E1C-C887-4CE5-ACC3-22C5355D6DE5}.Debug|Any CPU.ActiveCfg = Debug|Any CPU
		{AF2F3E1C-C887-4CE5-ACC3-22C5355D6DE5}.Debug|Any CPU.Build.0 = Debug|Any CPU
		{AF2F3E1C-C887-4CE5-ACC3-22C5355D6DE5}.Release|Any CPU.ActiveCfg = Release|Any CPU
		{AF2F3E1C-C887-4CE5-ACC3-22C5355D6DE5}.Release|Any CPU.Build.0 = Release|Any CPU
		{F043FA2A-941F-49E5-8F1A-8081EDFAB40A}.Debug|Any CPU.ActiveCfg = Debug|Any CPU
		{F043FA2A-941F-49E5-8F1A-8081EDFAB40A}.Debug|Any CPU.Build.0 = Debug|Any CPU
		{F043FA2A-941F-49E5-8F1A-8081EDFAB40A}.Release|Any CPU.ActiveCfg = Release|Any CPU
		{F043FA2A-941F-49E5-8F1A-8081EDFAB40A}.Release|Any CPU.Build.0 = Release|Any CPU
		{F88835ED-000B-4E65-AC19-30DE738EEB88}.Debug|Any CPU.ActiveCfg = Debug|Any CPU
		{F88835ED-000B-4E65-AC19-30DE738EEB88}.Debug|Any CPU.Build.0 = Debug|Any CPU
		{F88835ED-000B-4E65-AC19-30DE738EEB88}.Release|Any CPU.ActiveCfg = Release|Any CPU
		{F88835ED-000B-4E65-AC19-30DE738EEB88}.Release|Any CPU.Build.0 = Release|Any CPU
		{0AE16DE4-D781-4897-B617-1CD65F20E2F9}.Debug|Any CPU.ActiveCfg = Debug|Any CPU
		{0AE16DE4-D781-4897-B617-1CD65F20E2F9}.Debug|Any CPU.Build.0 = Debug|Any CPU
		{0AE16DE4-D781-4897-B617-1CD65F20E2F9}.Release|Any CPU.ActiveCfg = Release|Any CPU
		{0AE16DE4-D781-4897-B617-1CD65F20E2F9}.Release|Any CPU.Build.0 = Release|Any CPU
	EndGlobalSection
	GlobalSection(SolutionProperties) = preSolution
		HideSolutionNode = FALSE
	EndGlobalSection
EndGlobal
